
Microsoft Visual Studio Solution File, Format Version 12.00
# Visual Studio 14
VisualStudioVersion = 14.0.25420.1
MinimumVisualStudioVersion = 10.0.40219.1
Project("{FAE04EC0-301F-11D3-BF4B-00C04F79EFBC}") = "DataModel", "DataModel\DataModel.csproj", "{78E4A204-CE3C-414F-BC8B-104C52DDB3EF}"
EndProject
Project("{FAE04EC0-301F-11D3-BF4B-00C04F79EFBC}") = "ProductService", "ProductService\ProductService.csproj", "{3B2F376E-25F7-4484-A5D7-ED05DBAFF7CC}"
EndProject
Project("{FAE04EC0-301F-11D3-BF4B-00C04F79EFBC}") = "BusinessEntities", "BusinessEntities\BusinessEntities.csproj", "{BD0CD3A7-E926-4779-9F9E-F80FD13D4CF8}"
EndProject
Project("{FAE04EC0-301F-11D3-BF4B-00C04F79EFBC}") = "BusinessServices", "BusinessServices\BusinessServices.csproj", "{9FBBE903-6C53-4709-B3A7-99CFB1C6F115}"
EndProject
Project("{FAE04EC0-301F-11D3-BF4B-00C04F79EFBC}") = "Resolver", "Resolver\Resolver.csproj", "{F62EE89E-788B-49BC-A6C5-45EBFCEA6AE3}"
EndProject
Project("{2150E333-8FDC-42A3-9474-1A3956D46DE8}") = "Tests", "Tests", "{A42819E4-AF24-4048-A3D2-533FEF4DFCDD}"
EndProject
Project("{FAE04EC0-301F-11D3-BF4B-00C04F79EFBC}") = "BusinessServices.Tests", "BusinessServices.Tests\BusinessServices.Tests.csproj", "{7693A666-9730-4FB4-AB83-3EC93563C1AA}"
EndProject
Project("{FAE04EC0-301F-11D3-BF4B-00C04F79EFBC}") = "TestsHelper", "TestHelper\TestsHelper.csproj", "{004F414D-A8CD-4AA6-9D05-506095173607}"
EndProject
Project("{FAE04EC0-301F-11D3-BF4B-00C04F79EFBC}") = "ApiController.Tests", "ApiController.Tests\ApiController.Tests.csproj", "{459900D1-FB24-44C2-9E3C-36922C740482}"
EndProject
Project("{FAE04EC0-301F-11D3-BF4B-00C04F79EFBC}") = "IntegrationTests", "EntityFrameworkIntegrationTest\IntegrationTests.csproj", "{3F7A9446-DC08-4131-99BE-EEE4668B4E62}"
EndProject
Global
	GlobalSection(SolutionConfigurationPlatforms) = preSolution
		Debug|Any CPU = Debug|Any CPU
		Release|Any CPU = Release|Any CPU
	EndGlobalSection
	GlobalSection(ProjectConfigurationPlatforms) = postSolution
		{78E4A204-CE3C-414F-BC8B-104C52DDB3EF}.Debug|Any CPU.ActiveCfg = Debug|Any CPU
		{78E4A204-CE3C-414F-BC8B-104C52DDB3EF}.Debug|Any CPU.Build.0 = Debug|Any CPU
		{78E4A204-CE3C-414F-BC8B-104C52DDB3EF}.Release|Any CPU.ActiveCfg = Release|Any CPU
		{78E4A204-CE3C-414F-BC8B-104C52DDB3EF}.Release|Any CPU.Build.0 = Release|Any CPU
		{3B2F376E-25F7-4484-A5D7-ED05DBAFF7CC}.Debug|Any CPU.ActiveCfg = Debug|Any CPU
		{3B2F376E-25F7-4484-A5D7-ED05DBAFF7CC}.Debug|Any CPU.Build.0 = Debug|Any CPU
		{3B2F376E-25F7-4484-A5D7-ED05DBAFF7CC}.Release|Any CPU.ActiveCfg = Release|Any CPU
		{3B2F376E-25F7-4484-A5D7-ED05DBAFF7CC}.Release|Any CPU.Build.0 = Release|Any CPU
		{BD0CD3A7-E926-4779-9F9E-F80FD13D4CF8}.Debug|Any CPU.ActiveCfg = Debug|Any CPU
		{BD0CD3A7-E926-4779-9F9E-F80FD13D4CF8}.Debug|Any CPU.Build.0 = Debug|Any CPU
		{BD0CD3A7-E926-4779-9F9E-F80FD13D4CF8}.Release|Any CPU.ActiveCfg = Release|Any CPU
		{BD0CD3A7-E926-4779-9F9E-F80FD13D4CF8}.Release|Any CPU.Build.0 = Release|Any CPU
		{9FBBE903-6C53-4709-B3A7-99CFB1C6F115}.Debug|Any CPU.ActiveCfg = Debug|Any CPU
		{9FBBE903-6C53-4709-B3A7-99CFB1C6F115}.Debug|Any CPU.Build.0 = Debug|Any CPU
		{9FBBE903-6C53-4709-B3A7-99CFB1C6F115}.Release|Any CPU.ActiveCfg = Release|Any CPU
		{9FBBE903-6C53-4709-B3A7-99CFB1C6F115}.Release|Any CPU.Build.0 = Release|Any CPU
		{F62EE89E-788B-49BC-A6C5-45EBFCEA6AE3}.Debug|Any CPU.ActiveCfg = Debug|Any CPU
		{F62EE89E-788B-49BC-A6C5-45EBFCEA6AE3}.Debug|Any CPU.Build.0 = Debug|Any CPU
		{F62EE89E-788B-49BC-A6C5-45EBFCEA6AE3}.Release|Any CPU.ActiveCfg = Release|Any CPU
		{F62EE89E-788B-49BC-A6C5-45EBFCEA6AE3}.Release|Any CPU.Build.0 = Release|Any CPU
		{7693A666-9730-4FB4-AB83-3EC93563C1AA}.Debug|Any CPU.ActiveCfg = Debug|Any CPU
		{7693A666-9730-4FB4-AB83-3EC93563C1AA}.Debug|Any CPU.Build.0 = Debug|Any CPU
		{7693A666-9730-4FB4-AB83-3EC93563C1AA}.Release|Any CPU.ActiveCfg = Release|Any CPU
		{7693A666-9730-4FB4-AB83-3EC93563C1AA}.Release|Any CPU.Build.0 = Release|Any CPU
		{004F414D-A8CD-4AA6-9D05-506095173607}.Debug|Any CPU.ActiveCfg = Debug|Any CPU
		{004F414D-A8CD-4AA6-9D05-506095173607}.Debug|Any CPU.Build.0 = Debug|Any CPU
		{004F414D-A8CD-4AA6-9D05-506095173607}.Release|Any CPU.ActiveCfg = Release|Any CPU
		{004F414D-A8CD-4AA6-9D05-506095173607}.Release|Any CPU.Build.0 = Release|Any CPU
		{459900D1-FB24-44C2-9E3C-36922C740482}.Debug|Any CPU.ActiveCfg = Debug|Any CPU
		{459900D1-FB24-44C2-9E3C-36922C740482}.Debug|Any CPU.Build.0 = Debug|Any CPU
		{459900D1-FB24-44C2-9E3C-36922C740482}.Release|Any CPU.ActiveCfg = Release|Any CPU
		{459900D1-FB24-44C2-9E3C-36922C740482}.Release|Any CPU.Build.0 = Release|Any CPU
		{3F7A9446-DC08-4131-99BE-EEE4668B4E62}.Debug|Any CPU.ActiveCfg = Debug|Any CPU
		{3F7A9446-DC08-4131-99BE-EEE4668B4E62}.Debug|Any CPU.Build.0 = Debug|Any CPU
		{3F7A9446-DC08-4131-99BE-EEE4668B4E62}.Release|Any CPU.ActiveCfg = Release|Any CPU
		{3F7A9446-DC08-4131-99BE-EEE4668B4E62}.Release|Any CPU.Build.0 = Release|Any CPU
	EndGlobalSection
	GlobalSection(SolutionProperties) = preSolution
		HideSolutionNode = FALSE
	EndGlobalSection
	GlobalSection(NestedProjects) = preSolution
		{7693A666-9730-4FB4-AB83-3EC93563C1AA} = {A42819E4-AF24-4048-A3D2-533FEF4DFCDD}
		{004F414D-A8CD-4AA6-9D05-506095173607} = {A42819E4-AF24-4048-A3D2-533FEF4DFCDD}
		{459900D1-FB24-44C2-9E3C-36922C740482} = {A42819E4-AF24-4048-A3D2-533FEF4DFCDD}
		{3F7A9446-DC08-4131-99BE-EEE4668B4E62} = {A42819E4-AF24-4048-A3D2-533FEF4DFCDD}
	EndGlobalSection
EndGlobal
